PODS:
  - CocoaLumberjack (3.1.0):
    - CocoaLumberjack/Default (= 3.1.0)
    - CocoaLumberjack/Extensions (= 3.1.0)
  - CocoaLumberjack/Default (3.1.0)
  - CocoaLumberjack/Extensions (3.1.0):
    - CocoaLumberjack/Default
  - Instabug (7.1)

DEPENDENCIES:
  - CocoaLumberjack
  - Instabug (>= 6.2)

SPEC CHECKSUMS:
  CocoaLumberjack: 8311463ddf9ee86a06ef92a071dd656c89244500
  Instabug: 13b238537cdacc1d6a2db71a8375b0c6fbcbe248

PODFILE CHECKSUM: df31af1afef07053e146417b430df482e46fa451

COCOAPODS: 1.2.0
