// !$*UTF8*$!
{
	archiveVersion = 1;
	classes = {
	};
	objectVersion = 46;
	objects = {

/* Begin PBXBuildFile section */
		1D5B2196C1C996B4B1B709FB /* libPods-Framework-Instabug-CocoaLumberjack iOS.a in Frameworks */ = {isa = PBXBuildFile; fileRef = 4A50A832B45F4761179AE8E3 /* libPods-Framework-Instabug-CocoaLumberjack iOS.a */; };
		FE9787A51E814EBA002D0F38 /* DDInstabugLogger.h in Headers */ = {isa = PBXBuildFile; fileRef = FE9787A11E814EAB002D0F38 /* DDInstabugLogger.h */; settings = {ATTRIBUTES = (Public, ); }; };
		FE9787A61E814EBA002D0F38 /* Instabug-CocoaLumberjack.h in Headers */ = {isa = PBXBuildFile; fileRef = FE9787A31E814EAB002D0F38 /* Instabug-CocoaLumberjack.h */; settings = {ATTRIBUTES = (Public, ); }; };
		FE9787A71E814EC2002D0F38 /* DDInstabugLogger.m in Sources */ = {isa = PBXBuildFile; fileRef = FE9787A21E814EAB002D0F38 /* DDInstabugLogger.m */; };
/* End PBXBuildFile section */

/* Begin PBXFileReference section */
		4A50A832B45F4761179AE8E3 /* libPods-Framework-Instabug-CocoaLumberjack iOS.a */ = {isa = PBXFileReference; explicitFileType = archive.ar; includeInIndex = 0; path = "libPods-Framework-Instabug-CocoaLumberjack iOS.a"; sourceTree = BUILT_PRODUCTS_DIR; };
		8E1B64F481A05F4EBE4BAF33 /* Pods-Framework-Instabug-CocoaLumberjack iOS.release.xcconfig */ = {isa = PBXFileReference; includeInIndex = 1; lastKnownFileType = text.xcconfig; name = "Pods-Framework-Instabug-CocoaLumberjack iOS.release.xcconfig"; path = "Pods/Target Support Files/Pods-Framework-Instabug-CocoaLumberjack iOS/Pods-Framework-Instabug-CocoaLumberjack iOS.release.xcconfig"; sourceTree = "<group>"; };
		AD16E5EDF3BBDCBF3F6D9E4B /* Pods-Framework-Instabug-CocoaLumberjack iOS.debug.xcconfig */ = {isa = PBXFileReference; includeInIndex = 1; lastKnownFileType = text.xcconfig; name = "Pods-Framework-Instabug-CocoaLumberjack iOS.debug.xcconfig"; path = "Pods/Target Support Files/Pods-Framework-Instabug-CocoaLumberjack iOS/Pods-Framework-Instabug-CocoaLumberjack iOS.debug.xcconfig"; sourceTree = "<group>"; };
		FE9787951E814E1D002D0F38 /* Instabug_CocoaLumberjack.framework */ = {isa = PBXFileReference; explicitFileType = wrapper.framework; includeInIndex = 0; path = Instabug_CocoaLumberjack.framework; sourceTree = BUILT_PRODUCTS_DIR; };
		FE9787A11E814EAB002D0F38 /* DDInstabugLogger.h */ = {isa = PBXFileReference; lastKnownFileType = sourcecode.c.h; path = DDInstabugLogger.h; sourceTree = "<group>"; };
		FE9787A21E814EAB002D0F38 /* DDInstabugLogger.m */ = {isa = PBXFileReference; lastKnownFileType = sourcecode.c.objc; path = DDInstabugLogger.m; sourceTree = "<group>"; };
		FE9787A31E814EAB002D0F38 /* Instabug-CocoaLumberjack.h */ = {isa = PBXFileReference; lastKnownFileType = sourcecode.c.h; path = "Instabug-CocoaLumberjack.h"; sourceTree = "<group>"; };
		FE9787A41E814EB4002D0F38 /* Info.plist */ = {isa = PBXFileReference; lastKnownFileType = text.plist.xml; path = Info.plist; sourceTree = "<group>"; };
		FE9787A81E814F41002D0F38 /* Instabug-CocoaLumberJack.podspec */ = {isa = PBXFileReference; lastKnownFileType = text; path = "Instabug-CocoaLumberJack.podspec"; sourceTree = "<group>"; };
		FE9787A91E814F9C002D0F38 /* Podfile */ = {isa = PBXFileReference; lastKnownFileType = text; path = Podfile; sourceTree = "<group>"; xcLanguageSpecificationIdentifier = xcode.lang.ruby; };
/* End PBXFileReference section */

/* Begin PBXFrameworksBuildPhase section */
		FE9787911E814E1D002D0F38 /* Frameworks */ = {
			isa = PBXFrameworksBuildPhase;
			buildActionMask = 2147483647;
			files = (
				1D5B2196C1C996B4B1B709FB /* libPods-Framework-Instabug-CocoaLumberjack iOS.a in Frameworks */,
			);
			runOnlyForDeploymentPostprocessing = 0;
		};
/* End PBXFrameworksBuildPhase section */

/* Begin PBXGroup section */
		03970AF1AEE92AB1DB11ECC7 /* Pods */ = {
			isa = PBXGroup;
			children = (
				AD16E5EDF3BBDCBF3F6D9E4B /* Pods-Framework-Instabug-CocoaLumberjack iOS.debug.xcconfig */,
				8E1B64F481A05F4EBE4BAF33 /* Pods-Framework-Instabug-CocoaLumberjack iOS.release.xcconfig */,
			);
			name = Pods;
			sourceTree = "<group>";
		};
		19660D181C28CAB612176F22 /* Frameworks */ = {
			isa = PBXGroup;
			children = (
				4A50A832B45F4761179AE8E3 /* libPods-Framework-Instabug-CocoaLumberjack iOS.a */,
			);
			name = Frameworks;
			sourceTree = "<group>";
		};
		FE97878B1E814E1D002D0F38 = {
			isa = PBXGroup;
			children = (
				FE9787A41E814EB4002D0F38 /* Info.plist */,
				FE9787A91E814F9C002D0F38 /* Podfile */,
				FE9787A81E814F41002D0F38 /* Instabug-CocoaLumberJack.podspec */,
				FE9787A01E814EAB002D0F38 /* Instabug-CocoaLumberjack */,
				FE9787961E814E1D002D0F38 /* Products */,
				03970AF1AEE92AB1DB11ECC7 /* Pods */,
				19660D181C28CAB612176F22 /* Frameworks */,
			);
			sourceTree = "<group>";
		};
		FE9787961E814E1D002D0F38 /* Products */ = {
			isa = PBXGroup;
			children = (
				FE9787951E814E1D002D0F38 /* Instabug_CocoaLumberjack.framework */,
			);
			name = Products;
			sourceTree = "<group>";
		};
		FE9787A01E814EAB002D0F38 /* Instabug-CocoaLumberjack */ = {
			isa = PBXGroup;
			children = (
				FE9787A11E814EAB002D0F38 /* DDInstabugLogger.h */,
				FE9787A21E814EAB002D0F38 /* DDInstabugLogger.m */,
				FE9787A31E814EAB002D0F38 /* Instabug-CocoaLumberjack.h */,
			);
			path = "Instabug-CocoaLumberjack";
			sourceTree = "<group>";
		};
/* End PBXGroup section */

/* Begin PBXHeadersBuildPhase section */
		FE9787921E814E1D002D0F38 /* Headers */ = {
			isa = PBXHeadersBuildPhase;
			buildActionMask = 2147483647;
			files = (
				FE9787A51E814EBA002D0F38 /* DDInstabugLogger.h in Headers */,
				FE9787A61E814EBA002D0F38 /* Instabug-CocoaLumberjack.h in Headers */,
			);
			runOnlyForDeploymentPostprocessing = 0;
		};
/* End PBXHeadersBuildPhase section */

/* Begin PBXNativeTarget section */
		FE9787941E814E1D002D0F38 /* Instabug-CocoaLumberjack iOS */ = {
			isa = PBXNativeTarget;
			buildConfigurationList = FE97879D1E814E1D002D0F38 /* Build configuration list for PBXNativeTarget "Instabug-CocoaLumberjack iOS" */;
			buildPhases = (
				207A1953C26D9697B586FD74 /* [CP] Check Pods Manifest.lock */,
				FE9787901E814E1D002D0F38 /* Sources */,
				FE9787911E814E1D002D0F38 /* Frameworks */,
				FE9787921E814E1D002D0F38 /* Headers */,
				FE9787931E814E1D002D0F38 /* Resources */,
				0F9C5F6D3A046ECC931053F7 /* [CP] Copy Pods Resources */,
			);
			buildRules = (
			);
			dependencies = (
			);
			name = "Instabug-CocoaLumberjack iOS";
			productName = "Instabug-CocoaLumberjack";
			productReference = FE9787951E814E1D002D0F38 /* Instabug_CocoaLumberjack.framework */;
			productType = "com.apple.product-type.framework";
		};
/* End PBXNativeTarget section */

/* Begin PBXProject section */
		FE97878C1E814E1D002D0F38 /* Project object */ = {
			isa = PBXProject;
			attributes = {
				LastUpgradeCheck = 0820;
				ORGANIZATIONNAME = Instabug;
				TargetAttributes = {
					FE9787941E814E1D002D0F38 = {
						CreatedOnToolsVersion = 8.2.1;
						ProvisioningStyle = Automatic;
					};
				};
			};
			buildConfigurationList = FE97878F1E814E1D002D0F38 /* Build configuration list for PBXProject "Instabug-CocoaLumberjack" */;
			compatibilityVersion = "Xcode 3.2";
			developmentRegion = English;
			hasScannedForEncodings = 0;
			knownRegions = (
				en,
			);
			mainGroup = FE97878B1E814E1D002D0F38;
			productRefGroup = FE9787961E814E1D002D0F38 /* Products */;
			projectDirPath = "";
			projectRoot = "";
			targets = (
				FE9787941E814E1D002D0F38 /* Instabug-CocoaLumberjack iOS */,
			);
		};
/* End PBXProject section */

/* Begin PBXResourcesBuildPhase section */
		FE9787931E814E1D002D0F38 /* Resources */ = {
			isa = PBXResourcesBuildPhase;
			buildActionMask = 2147483647;
			files = (
			);
			runOnlyForDeploymentPostprocessing = 0;
		};
/* End PBXResourcesBuildPhase section */

/* Begin PBXShellScriptBuildPhase section */
		0F9C5F6D3A046ECC931053F7 /* [CP] Copy Pods Resources */ = {
			isa = PBXShellScriptBuildPhase;
			buildActionMask = 2147483647;
			files = (
			);
			inputPaths = (
			);
			name = "[CP] Copy Pods Resources";
			outputPaths = (
			);
			runOnlyForDeploymentPostprocessing = 0;
			shellPath = /bin/sh;
			shellScript = "\"${SRCROOT}/Pods/Target Support Files/Pods-Framework-Instabug-CocoaLumberjack iOS/Pods-Framework-Instabug-CocoaLumberjack iOS-resources.sh\"\n";
			showEnvVarsInLog = 0;
		};
		207A1953C26D9697B586FD74 /* [CP] Check Pods Manifest.lock */ = {
			isa = PBXShellScriptBuildPhase;
			buildActionMask = 2147483647;
			files = (
			);
			inputPaths = (
			);
			name = "[CP] Check Pods Manifest.lock";
			outputPaths = (
			);
			runOnlyForDeploymentPostprocessing = 0;
			shellPath = /bin/sh;
			shellScript = "diff \"${PODS_ROOT}/../Podfile.lock\" \"${PODS_ROOT}/Manifest.lock\" > /dev/null\nif [ $? != 0 ] ; then\n    # print error to STDERR\n    echo \"error: The sandbox is not in sync with the Podfile.lock. Run 'pod install' or update your CocoaPods installation.\" >&2\n    exit 1\nfi\n";
			showEnvVarsInLog = 0;
		};
/* End PBXShellScriptBuildPhase section */

/* Begin PBXSourcesBuildPhase section */
		FE9787901E814E1D002D0F38 /* Sources */ = {
			isa = PBXSourcesBuildPhase;
			buildActionMask = 2147483647;
			files = (
				FE9787A71E814EC2002D0F38 /* DDInstabugLogger.m in Sources */,
			);
			runOnlyForDeploymentPostprocessing = 0;
		};
/* End PBXSourcesBuildPhase section */

/* Begin XCBuildConfiguration section */
		FE97879B1E814E1D002D0F38 /* Debug */ = {
			isa = XCBuildConfiguration;
			buildSettings = {
				ALWAYS_SEARCH_USER_PATHS = NO;
				CLANG_ANALYZER_NONNULL = YES;
				CLANG_CXX_LANGUAGE_STANDARD = "gnu++0x";
				CLANG_CXX_LIBRARY = "libc++";
				CLANG_ENABLE_MODULES = YES;
				CLANG_ENABLE_OBJC_ARC = YES;
				CLANG_WARN_BOOL_CONVERSION = YES;
				CLANG_WARN_CONSTANT_CONVERSION = YES;
				CLANG_WARN_DIRECT_OBJC_ISA_USAGE = YES_ERROR;
				CLANG_WARN_DOCUMENTATION_COMMENTS = YES;
				CLANG_WARN_EMPTY_BODY = YES;
				CLANG_WARN_ENUM_CONVERSION = YES;
				CLANG_WARN_INFINITE_RECURSION = YES;
				CLANG_WARN_INT_CONVERSION = YES;
				CLANG_WARN_OBJC_ROOT_CLASS = YES_ERROR;
				CLANG_WARN_SUSPICIOUS_MOVE = YES;
				CLANG_WARN_UNREACHABLE_CODE = YES;
				CLANG_WARN__DUPLICATE_METHOD_MATCH = YES;
				"CODE_SIGN_IDENTITY[sdk=iphoneos*]" = "iPhone Developer";
				COPY_PHASE_STRIP = NO;
				CURRENT_PROJECT_VERSION = 1;
				DEBUG_INFORMATION_FORMAT = dwarf;
				ENABLE_STRICT_OBJC_MSGSEND = YES;
				ENABLE_TESTABILITY = YES;
				GCC_C_LANGUAGE_STANDARD = gnu99;
				GCC_DYNAMIC_NO_PIC = NO;
				GCC_NO_COMMON_BLOCKS = YES;
				GCC_OPTIMIZATION_LEVEL = 0;
				GCC_PREPROCESSOR_DEFINITIONS = (
					"DEBUG=1",
					"$(inherited)",
				);
				GCC_WARN_64_TO_32_BIT_CONVERSION = YES;
				GCC_WARN_ABOUT_RETURN_TYPE = YES_ERROR;
				GCC_WARN_UNDECLARED_SELECTOR = YES;
				GCC_WARN_UNINITIALIZED_AUTOS = YES_AGGRESSIVE;
				GCC_WARN_UNUSED_FUNCTION = YES;
				GCC_WARN_UNUSED_VARIABLE = YES;
				IPHONEOS_DEPLOYMENT_TARGET = 10.2;
				MTL_ENABLE_DEBUG_INFO = YES;
				ONLY_ACTIVE_ARCH = YES;
				PRODUCT_NAME = Instabug_CocoaLumberjack;
				SDKROOT = iphoneos;
				TARGETED_DEVICE_FAMILY = "1,2";
				VERSIONING_SYSTEM = "apple-generic";
				VERSION_INFO_PREFIX = "";
			};
			name = Debug;
		};
		FE97879C1E814E1D002D0F38 /* Release */ = {
			isa = XCBuildConfiguration;
			buildSettings = {
				ALWAYS_SEARCH_USER_PATHS = NO;
				CLANG_ANALYZER_NONNULL = YES;
				CLANG_CXX_LANGUAGE_STANDARD = "gnu++0x";
				CLANG_CXX_LIBRARY = "libc++";
				CLANG_ENABLE_MODULES = YES;
				CLANG_ENABLE_OBJC_ARC = YES;
				CLANG_WARN_BOOL_CONVERSION = YES;
				CLANG_WARN_CONSTANT_CONVERSION = YES;
				CLANG_WARN_DIRECT_OBJC_ISA_USAGE = YES_ERROR;
				CLANG_WARN_DOCUMENTATION_COMMENTS = YES;
				CLANG_WARN_EMPTY_BODY = YES;
				CLANG_WARN_ENUM_CONVERSION = YES;
				CLANG_WARN_INFINITE_RECURSION = YES;
				CLANG_WARN_INT_CONVERSION = YES;
				CLANG_WARN_OBJC_ROOT_CLASS = YES_ERROR;
				CLANG_WARN_SUSPICIOUS_MOVE = YES;
				CLANG_WARN_UNREACHABLE_CODE = YES;
				CLANG_WARN__DUPLICATE_METHOD_MATCH = YES;
				"CODE_SIGN_IDENTITY[sdk=iphoneos*]" = "iPhone Developer";
				COPY_PHASE_STRIP = NO;
				CURRENT_PROJECT_VERSION = 1;
				DEBUG_INFORMATION_FORMAT = "dwarf-with-dsym";
				ENABLE_NS_ASSERTIONS = NO;
				ENABLE_STRICT_OBJC_MSGSEND = YES;
				GCC_C_LANGUAGE_STANDARD = gnu99;
				GCC_NO_COMMON_BLOCKS = YES;
				GCC_WARN_64_TO_32_BIT_CONVERSION = YES;
				GCC_WARN_ABOUT_RETURN_TYPE = YES_ERROR;
				GCC_WARN_UNDECLARED_SELECTOR = YES;
				GCC_WARN_UNINITIALIZED_AUTOS = YES_AGGRESSIVE;
				GCC_WARN_UNUSED_FUNCTION = YES;
				GCC_WARN_UNUSED_VARIABLE = YES;
				IPHONEOS_DEPLOYMENT_TARGET = 10.2;
				MTL_ENABLE_DEBUG_INFO = NO;
				PRODUCT_NAME = Instabug_CocoaLumberjack;
				SDKROOT = iphoneos;
				TARGETED_DEVICE_FAMILY = "1,2";
				VALIDATE_PRODUCT = YES;
				VERSIONING_SYSTEM = "apple-generic";
				VERSION_INFO_PREFIX = "";
			};
			name = Release;
		};
		FE97879E1E814E1D002D0F38 /* Debug */ = {
			isa = XCBuildConfiguration;
			baseConfigurationReference = AD16E5EDF3BBDCBF3F6D9E4B /* Pods-Framework-Instabug-CocoaLumberjack iOS.debug.xcconfig */;
			buildSettings = {
				CODE_SIGN_IDENTITY = "";
				DEFINES_MODULE = YES;
				DYLIB_COMPATIBILITY_VERSION = 1;
				DYLIB_CURRENT_VERSION = 1;
				DYLIB_INSTALL_NAME_BASE = "@rpath";
				INFOPLIST_FILE = Info.plist;
				INSTALL_PATH = "$(LOCAL_LIBRARY_DIR)/Frameworks";
				IPHONEOS_DEPLOYMENT_TARGET = 8.0;
				LD_RUNPATH_SEARCH_PATHS = "$(inherited) @executable_path/Frameworks @loader_path/Frameworks";
				PRODUCT_BUNDLE_IDENTIFIER = "com.instabug.Instabug-CocoaLumberjack";
				SKIP_INSTALL = YES;
			};
			name = Debug;
		};
		FE97879F1E814E1D002D0F38 /* Release */ = {
			isa = XCBuildConfiguration;
			baseConfigurationReference = 8E1B64F481A05F4EBE4BAF33 /* Pods-Framework-Instabug-CocoaLumberjack iOS.release.xcconfig */;
			buildSettings = {
				CODE_SIGN_IDENTITY = "";
				DEFINES_MODULE = YES;
				DYLIB_COMPATIBILITY_VERSION = 1;
				DYLIB_CURRENT_VERSION = 1;
				DYLIB_INSTALL_NAME_BASE = "@rpath";
				INFOPLIST_FILE = Info.plist;
				INSTALL_PATH = "$(LOCAL_LIBRARY_DIR)/Frameworks";
				IPHONEOS_DEPLOYMENT_TARGET = 8.0;
				LD_RUNPATH_SEARCH_PATHS = "$(inherited) @executable_path/Frameworks @loader_path/Frameworks";
				PRODUCT_BUNDLE_IDENTIFIER = "com.instabug.Instabug-CocoaLumberjack";
				SKIP_INSTALL = YES;
			};
			name = Release;
		};
/* End XCBuildConfiguration section */

/* Begin XCConfigurationList section */
		FE97878F1E814E1D002D0F38 /* Build configuration list for PBXProject "Instabug-CocoaLumberjack" */ = {
			isa = XCConfigurationList;
			buildConfigurations = (
				FE97879B1E814E1D002D0F38 /* Debug */,
				FE97879C1E814E1D002D0F38 /* Release */,
			);
			defaultConfigurationIsVisible = 0;
			defaultConfigurationName = Release;
		};
		FE97879D1E814E1D002D0F38 /* Build configuration list for PBXNativeTarget "Instabug-CocoaLumberjack iOS" */ = {
			isa = XCConfigurationList;
			buildConfigurations = (
				FE97879E1E814E1D002D0F38 /* Debug */,
				FE97879F1E814E1D002D0F38 /* Release */,
			);
			defaultConfigurationIsVisible = 0;
			defaultConfigurationName = Release;
		};
/* End XCConfigurationList section */
	};
	rootObject = FE97878C1E814E1D002D0F38 /* Project object */;
}
